
Microsoft Visual Studio Solution File, Format Version 12.00
# Visual Studio Version 16
VisualStudioVersion = 16.0.31205.134
MinimumVisualStudioVersion = 10.0.40219.1
Project("{FAE04EC0-301F-11D3-BF4B-00C04F79EFBC}") = "Ziyaretci_kaydi", "Ziyaretci_kaydi\Ziyaretci_kaydi.csproj", "{9E0AF36B-E652-472E-82EC-86EAAB5FF747}"
EndProject
Project("{54435603-DBB4-11D2-8724-00A0C9A8B90C}") = "Setup1", "Setup1\Setup1.vdproj", "{9B60AADE-A754-4A8F-81B7-0E51C40365B7}"
EndProject
Project("{54435603-DBB4-11D2-8724-00A0C9A8B90C}") = "ziyaretci_setup", "ziyaretci_setup\ziyaretci_setup.vdproj", "{60FF1CD6-85FF-4228-8D66-43003DFC79C8}"
EndProject
Project("{54435603-DBB4-11D2-8724-00A0C9A8B90C}") = "ziyaretcii_setup", "ziyaretcii_setup\ziyaretcii_setup.vdproj", "{96E996FE-E918-4DCE-BF5F-00F95BB0E67F}"
EndProject
Project("{54435603-DBB4-11D2-8724-00A0C9A8B90C}") = "ziyaretsetup", "ziyaretsetup\ziyaretsetup.vdproj", "{4E98ED0A-3C58-4554-941C-29AD56B167F6}"
EndProject
Project("{54435603-DBB4-11D2-8724-00A0C9A8B90C}") = "ziyaretci_kayit_setup2", "ziyaretci_kayit_setup2\ziyaretci_kayit_setup2.vdproj", "{2200B63A-B50A-4E76-95BE-84FDD0E921A4}"
EndProject
Project("{54435603-DBB4-11D2-8724-00A0C9A8B90C}") = "SetupZiyaretci", "SetupZiyaretci\SetupZiyaretci.vdproj", "{75261A31-8B5D-43DF-8FB4-00D12FA3E4D2}"
EndProject
Global
	GlobalSection(SolutionConfigurationPlatforms) = preSolution
		Debug|Any CPU = Debug|Any CPU
		Release|Any CPU = Release|Any CPU
	EndGlobalSection
	GlobalSection(ProjectConfigurationPlatforms) = postSolution
		{9E0AF36B-E652-472E-82EC-86EAAB5FF747}.Debug|Any CPU.ActiveCfg = Debug|Any CPU
		{9E0AF36B-E652-472E-82EC-86EAAB5FF747}.Debug|Any CPU.Build.0 = Debug|Any CPU
		{9E0AF36B-E652-472E-82EC-86EAAB5FF747}.Release|Any CPU.ActiveCfg = Release|Any CPU
		{9E0AF36B-E652-472E-82EC-86EAAB5FF747}.Release|Any CPU.Build.0 = Release|Any CPU
		{9B60AADE-A754-4A8F-81B7-0E51C40365B7}.Debug|Any CPU.ActiveCfg = Debug
		{9B60AADE-A754-4A8F-81B7-0E51C40365B7}.Release|Any CPU.ActiveCfg = Release
		{60FF1CD6-85FF-4228-8D66-43003DFC79C8}.Debug|Any CPU.ActiveCfg = Debug
		{60FF1CD6-85FF-4228-8D66-43003DFC79C8}.Release|Any CPU.ActiveCfg = Release
		{96E996FE-E918-4DCE-BF5F-00F95BB0E67F}.Debug|Any CPU.ActiveCfg = Debug
		{96E996FE-E918-4DCE-BF5F-00F95BB0E67F}.Release|Any CPU.ActiveCfg = Release
		{4E98ED0A-3C58-4554-941C-29AD56B167F6}.Debug|Any CPU.ActiveCfg = Debug
		{4E98ED0A-3C58-4554-941C-29AD56B167F6}.Release|Any CPU.ActiveCfg = Release
		{2200B63A-B50A-4E76-95BE-84FDD0E921A4}.Debug|Any CPU.ActiveCfg = Debug
		{2200B63A-B50A-4E76-95BE-84FDD0E921A4}.Release|Any CPU.ActiveCfg = Release
		{75261A31-8B5D-43DF-8FB4-00D12FA3E4D2}.Debug|Any CPU.ActiveCfg = Debug
		{75261A31-8B5D-43DF-8FB4-00D12FA3E4D2}.Release|Any CPU.ActiveCfg = Release
	EndGlobalSection
	GlobalSection(SolutionProperties) = preSolution
		HideSolutionNode = FALSE
	EndGlobalSection
	GlobalSection(ExtensibilityGlobals) = postSolution
		SolutionGuid = {7C9F311F-C14C-4FA5-B82B-CF5E03E508A3}
	EndGlobalSection
EndGlobal
